
Microsoft Visual Studio Solution File, Format Version 12.00
# Visual Studio Version 17
VisualStudioVersion = 17.11.35327.3
MinimumVisualStudioVersion = 10.0.40219.1
Project("{FAE04EC0-301F-11D3-BF4B-00C04F79EFBC}") = "ExceptionDemo", "ExceptionDemo\ExceptionDemo.csproj", "{BC25969E-A67A-4DE8-B8F0-B3BA4B435FBA}"
EndProject
Global
	GlobalSection(SolutionConfigurationPlatforms) = preSolution
		Debug|Any CPU = Debug|Any CPU
		Release|Any CPU = Release|Any CPU
	EndGlobalSection
	GlobalSection(ProjectConfigurationPlatforms) = postSolution
		{BC25969E-A67A-4DE8-B8F0-B3BA4B435FBA}.Debug|Any CPU.ActiveCfg = Debug|Any CPU
		{BC25969E-A67A-4DE8-B8F0-B3BA4B435FBA}.Debug|Any CPU.Build.0 = Debug|Any CPU
		{BC25969E-A67A-4DE8-B8F0-B3BA4B435FBA}.Release|Any CPU.ActiveCfg = Release|Any CPU
		{BC25969E-A67A-4DE8-B8F0-B3BA4B435FBA}.Release|Any CPU.Build.0 = Release|Any CPU
	EndGlobalSection
	GlobalSection(SolutionProperties) = preSolution
		HideSolutionNode = FALSE
	EndGlobalSection
	GlobalSection(ExtensibilityGlobals) = postSolution
		SolutionGuid = {FA953D2C-D666-4EE4-AE03-B67EB3F5DE6D}
	EndGlobalSection
EndGlobal
